
Microsoft Visual Studio Solution File, Format Version 12.00
# Visual Studio Version 17
VisualStudioVersion = 17.3.32929.385
MinimumVisualStudioVersion = 10.0.40219.1
Project("{FAE04EC0-301F-11D3-BF4B-00C04F79EFBC}") = "Lesson-16(Task)", "Lesson-16(Task)\Lesson-16(Task).csproj", "{AA4F2787-DE3C-4FF9-97F9-E4C2B54B0CC9}"
EndProject
Global
	GlobalSection(SolutionConfigurationPlatforms) = preSolution
		Debug|Any CPU = Debug|Any CPU
		Release|Any CPU = Release|Any CPU
	EndGlobalSection
	GlobalSection(ProjectConfigurationPlatforms) = postSolution
		{AA4F2787-DE3C-4FF9-97F9-E4C2B54B0CC9}.Debug|Any CPU.ActiveCfg = Debug|Any CPU
		{AA4F2787-DE3C-4FF9-97F9-E4C2B54B0CC9}.Debug|Any CPU.Build.0 = Debug|Any CPU
		{AA4F2787-DE3C-4FF9-97F9-E4C2B54B0CC9}.Release|Any CPU.ActiveCfg = Release|Any CPU
		{AA4F2787-DE3C-4FF9-97F9-E4C2B54B0CC9}.Release|Any CPU.Build.0 = Release|Any CPU
	EndGlobalSection
	GlobalSection(SolutionProperties) = preSolution
		HideSolutionNode = FALSE
	EndGlobalSection
	GlobalSection(ExtensibilityGlobals) = postSolution
		SolutionGuid = {DD052AEE-761C-4CD6-A380-46FB1BAAEC1C}
	EndGlobalSection
EndGlobal
