
Microsoft Visual Studio Solution File, Format Version 12.00
# Visual Studio Version 17
VisualStudioVersion = 17.3.32929.385
MinimumVisualStudioVersion = 10.0.40219.1
Project("{FAE04EC0-301F-11D3-BF4B-00C04F79EFBC}") = "Lesson-12", "Lesson-12\Lesson-12.csproj", "{CAB0969A-1AAD-4507-82DE-007FA2EAF414}"
EndProject
Global
	GlobalSection(SolutionConfigurationPlatforms) = preSolution
		Debug|Any CPU = Debug|Any CPU
		Release|Any CPU = Release|Any CPU
	EndGlobalSection
	GlobalSection(ProjectConfigurationPlatforms) = postSolution
		{CAB0969A-1AAD-4507-82DE-007FA2EAF414}.Debug|Any CPU.ActiveCfg = Debug|Any CPU
		{CAB0969A-1AAD-4507-82DE-007FA2EAF414}.Debug|Any CPU.Build.0 = Debug|Any CPU
		{CAB0969A-1AAD-4507-82DE-007FA2EAF414}.Release|Any CPU.ActiveCfg = Release|Any CPU
		{CAB0969A-1AAD-4507-82DE-007FA2EAF414}.Release|Any CPU.Build.0 = Release|Any CPU
	EndGlobalSection
	GlobalSection(SolutionProperties) = preSolution
		HideSolutionNode = FALSE
	EndGlobalSection
	GlobalSection(ExtensibilityGlobals) = postSolution
		SolutionGuid = {DA73480A-995C-4953-B63C-319F124B9FD4}
	EndGlobalSection
EndGlobal
